
Microsoft Visual Studio Solution File, Format Version 12.00
# Visual Studio Version 16
VisualStudioVersion = 16.0.31424.327
MinimumVisualStudioVersion = 10.0.40219.1
Project("{FAE04EC0-301F-11D3-BF4B-00C04F79EFBC}") = "InputTester", "InputTester.csproj", "{B42E7192-BD79-4C56-8751-FE9F68B4F787}"
EndProject
Global
	GlobalSection(SolutionConfigurationPlatforms) = preSolution
		Debug|Any CPU = Debug|Any CPU
		Release|Any CPU = Release|Any CPU
	EndGlobalSection
	GlobalSection(ProjectConfigurationPlatforms) = postSolution
		{B42E7192-BD79-4C56-8751-FE9F68B4F787}.Debug|Any CPU.ActiveCfg = Debug|Any CPU
		{B42E7192-BD79-4C56-8751-FE9F68B4F787}.Debug|Any CPU.Build.0 = Debug|Any CPU
		{B42E7192-BD79-4C56-8751-FE9F68B4F787}.Release|Any CPU.ActiveCfg = Release|Any CPU
		{B42E7192-BD79-4C56-8751-FE9F68B4F787}.Release|Any CPU.Build.0 = Release|Any CPU
	EndGlobalSection
	GlobalSection(SolutionProperties) = preSolution
		HideSolutionNode = FALSE
	EndGlobalSection
	GlobalSection(ExtensibilityGlobals) = postSolution
		SolutionGuid = {E99F57CF-34B7-4361-AB77-22E6DDE0DB54}
	EndGlobalSection
EndGlobal
